
Microsoft Visual Studio Solution File, Format Version 11.00
# Visual C++ Express 2010
Project("{8BC9CEB8-8B4A-11D0-8D11-00A0C91BC942}") = "CGAL-DLL-Core", "CGAL-DLL-Core\CGAL-DLL-Core.vcxproj", "{7E18DBBB-A76A-43BB-A0F9-296181053341}"
EndProject
Project("{8BC9CEB8-8B4A-11D0-8D11-00A0C91BC942}") = "vector_convex_hull_2", "examples\Convex_hull_2\vector_convex_hull_2.vcxproj", "{99880910-4DFB-47E0-BF37-F92DA45037AC}"
EndProject
Global
	GlobalSection(SolutionConfigurationPlatforms) = preSolution
		Debug|Win32 = Debug|Win32
		Release|Win32 = Release|Win32
	EndGlobalSection
	GlobalSection(ProjectConfigurationPlatforms) = postSolution
		{7E18DBBB-A76A-43BB-A0F9-296181053341}.Debug|Win32.ActiveCfg = Debug|Win32
		{7E18DBBB-A76A-43BB-A0F9-296181053341}.Debug|Win32.Build.0 = Debug|Win32
		{7E18DBBB-A76A-43BB-A0F9-296181053341}.Release|Win32.ActiveCfg = Release|Win32
		{7E18DBBB-A76A-43BB-A0F9-296181053341}.Release|Win32.Build.0 = Release|Win32
		{99880910-4DFB-47E0-BF37-F92DA45037AC}.Debug|Win32.ActiveCfg = Debug|Win32
		{99880910-4DFB-47E0-BF37-F92DA45037AC}.Debug|Win32.Build.0 = Debug|Win32
		{99880910-4DFB-47E0-BF37-F92DA45037AC}.Release|Win32.ActiveCfg = Release|Win32
		{99880910-4DFB-47E0-BF37-F92DA45037AC}.Release|Win32.Build.0 = Release|Win32
	EndGlobalSection
	GlobalSection(SolutionProperties) = preSolution
		HideSolutionNode = FALSE
	EndGlobalSection
EndGlobal
